
Microsoft Visual Studio Solution File, Format Version 11.00
# Visual Studio 2010
Project("{FAE04EC0-301F-11D3-BF4B-00C04F79EFBC}") = "Truesight.Playground", "Truesight.Playground\Truesight.Playground.csproj", "{82DAE7E4-8D19-4B96-9BA0-4430EA25787A}"
EndProject
Project("{FAE04EC0-301F-11D3-BF4B-00C04F79EFBC}") = "Truesight", "Truesight\Truesight.csproj", "{38B04F0C-91C8-4472-A370-5233C133461B}"
EndProject
Project("{FAE04EC0-301F-11D3-BF4B-00C04F79EFBC}") = "Truesight.TextGenerators", "Truesight.TextGenerators\Truesight.TextGenerators.csproj", "{AD6AD620-A775-4D95-9FB4-60D0B48D2DA8}"
EndProject
Project("{FAE04EC0-301F-11D3-BF4B-00C04F79EFBC}") = "Truesight.DebuggerVisualizers", "Truesight.DebuggerVisualizers\Truesight.DebuggerVisualizers.csproj", "{F4776B6F-8979-4285-AE75-F219BE893B8E}"
EndProject
Project("{FAE04EC0-301F-11D3-BF4B-00C04F79EFBC}") = "XenoGears", "..\XenoGears\XenoGears\XenoGears.csproj", "{9435C2AB-D46A-481C-B485-BD74EFAE7D3E}"
EndProject
Project("{FAE04EC0-301F-11D3-BF4B-00C04F79EFBC}") = "XenoGears.DebuggerVisualizers", "..\XenoGears\XenoGears.DebuggerVisualizers\XenoGears.DebuggerVisualizers.csproj", "{FD58DD07-21B1-47C8-8BD3-A733E2B62284}"
EndProject
Project("{FAE04EC0-301F-11D3-BF4B-00C04F79EFBC}") = "XenoGears.Playground", "..\XenoGears\XenoGears.Playground\XenoGears.Playground.csproj", "{7AE318A4-F8F5-4B18-B738-0E34B43C99D1}"
EndProject
Global
	GlobalSection(SolutionConfigurationPlatforms) = preSolution
		Debug|Any CPU = Debug|Any CPU
		Release|Any CPU = Release|Any CPU
	EndGlobalSection
	GlobalSection(ProjectConfigurationPlatforms) = postSolution
		{82DAE7E4-8D19-4B96-9BA0-4430EA25787A}.Debug|Any CPU.ActiveCfg = Debug|Any CPU
		{82DAE7E4-8D19-4B96-9BA0-4430EA25787A}.Debug|Any CPU.Build.0 = Debug|Any CPU
		{82DAE7E4-8D19-4B96-9BA0-4430EA25787A}.Release|Any CPU.ActiveCfg = Release|Any CPU
		{82DAE7E4-8D19-4B96-9BA0-4430EA25787A}.Release|Any CPU.Build.0 = Release|Any CPU
		{38B04F0C-91C8-4472-A370-5233C133461B}.Debug|Any CPU.ActiveCfg = Debug|Any CPU
		{38B04F0C-91C8-4472-A370-5233C133461B}.Debug|Any CPU.Build.0 = Debug|Any CPU
		{38B04F0C-91C8-4472-A370-5233C133461B}.Release|Any CPU.ActiveCfg = Release|Any CPU
		{38B04F0C-91C8-4472-A370-5233C133461B}.Release|Any CPU.Build.0 = Release|Any CPU
		{AD6AD620-A775-4D95-9FB4-60D0B48D2DA8}.Debug|Any CPU.ActiveCfg = Debug|Any CPU
		{AD6AD620-A775-4D95-9FB4-60D0B48D2DA8}.Debug|Any CPU.Build.0 = Debug|Any CPU
		{AD6AD620-A775-4D95-9FB4-60D0B48D2DA8}.Release|Any CPU.ActiveCfg = Release|Any CPU
		{AD6AD620-A775-4D95-9FB4-60D0B48D2DA8}.Release|Any CPU.Build.0 = Release|Any CPU
		{F4776B6F-8979-4285-AE75-F219BE893B8E}.Debug|Any CPU.ActiveCfg = Debug|Any CPU
		{F4776B6F-8979-4285-AE75-F219BE893B8E}.Debug|Any CPU.Build.0 = Debug|Any CPU
		{F4776B6F-8979-4285-AE75-F219BE893B8E}.Release|Any CPU.ActiveCfg = Release|Any CPU
		{F4776B6F-8979-4285-AE75-F219BE893B8E}.Release|Any CPU.Build.0 = Release|Any CPU
		{9435C2AB-D46A-481C-B485-BD74EFAE7D3E}.Debug|Any CPU.ActiveCfg = Debug|Any CPU
		{9435C2AB-D46A-481C-B485-BD74EFAE7D3E}.Debug|Any CPU.Build.0 = Debug|Any CPU
		{9435C2AB-D46A-481C-B485-BD74EFAE7D3E}.Release|Any CPU.ActiveCfg = Release|Any CPU
		{9435C2AB-D46A-481C-B485-BD74EFAE7D3E}.Release|Any CPU.Build.0 = Release|Any CPU
		{FD58DD07-21B1-47C8-8BD3-A733E2B62284}.Debug|Any CPU.ActiveCfg = Debug|Any CPU
		{FD58DD07-21B1-47C8-8BD3-A733E2B62284}.Debug|Any CPU.Build.0 = Debug|Any CPU
		{FD58DD07-21B1-47C8-8BD3-A733E2B62284}.Release|Any CPU.ActiveCfg = Release|Any CPU
		{FD58DD07-21B1-47C8-8BD3-A733E2B62284}.Release|Any CPU.Build.0 = Release|Any CPU
		{7AE318A4-F8F5-4B18-B738-0E34B43C99D1}.Debug|Any CPU.ActiveCfg = Debug|Any CPU
		{7AE318A4-F8F5-4B18-B738-0E34B43C99D1}.Debug|Any CPU.Build.0 = Debug|Any CPU
		{7AE318A4-F8F5-4B18-B738-0E34B43C99D1}.Release|Any CPU.ActiveCfg = Release|Any CPU
		{7AE318A4-F8F5-4B18-B738-0E34B43C99D1}.Release|Any CPU.Build.0 = Release|Any CPU
	EndGlobalSection
	GlobalSection(SolutionProperties) = preSolution
		HideSolutionNode = FALSE
	EndGlobalSection
EndGlobal
